
Microsoft Visual Studio Solution File, Format Version 12.00
# Visual Studio 2012
Project("{FAE04EC0-301F-11D3-BF4B-00C04F79EFBC}") = "JOIEnergy", "JOIEnergy\JOIEnergy.csproj", "{BF722F65-2C35-4ADF-B669-C7841E4E54E6}"
EndProject
Project("{FAE04EC0-301F-11D3-BF4B-00C04F79EFBC}") = "JOIEnergy.Tests", "JOIEnergy.Tests\JOIEnergy.Tests.csproj", "{92951323-A02D-4FC7-A0E3-0C4F37BD7AB9}"
EndProject
Global
	GlobalSection(SolutionConfigurationPlatforms) = preSolution
		Debug|Any CPU = Debug|Any CPU
		Release|Any CPU = Release|Any CPU
	EndGlobalSection
	GlobalSection(ProjectConfigurationPlatforms) = postSolution
		{BF722F65-2C35-4ADF-B669-C7841E4E54E6}.Debug|Any CPU.ActiveCfg = Debug|Any CPU
		{BF722F65-2C35-4ADF-B669-C7841E4E54E6}.Debug|Any CPU.Build.0 = Debug|Any CPU
		{BF722F65-2C35-4ADF-B669-C7841E4E54E6}.Release|Any CPU.ActiveCfg = Release|Any CPU
		{BF722F65-2C35-4ADF-B669-C7841E4E54E6}.Release|Any CPU.Build.0 = Release|Any CPU
		{92951323-A02D-4FC7-A0E3-0C4F37BD7AB9}.Debug|Any CPU.ActiveCfg = Debug|Any CPU
		{92951323-A02D-4FC7-A0E3-0C4F37BD7AB9}.Debug|Any CPU.Build.0 = Debug|Any CPU
		{92951323-A02D-4FC7-A0E3-0C4F37BD7AB9}.Release|Any CPU.ActiveCfg = Release|Any CPU
		{92951323-A02D-4FC7-A0E3-0C4F37BD7AB9}.Release|Any CPU.Build.0 = Release|Any CPU
	EndGlobalSection
EndGlobal
